
Microsoft Visual Studio Solution File, Format Version 12.00
# Visual Studio Version 17
VisualStudioVersion = 17.7.34018.315
MinimumVisualStudioVersion = 10.0.40219.1
Project("{9A19103F-16F7-4668-BE54-9A1E7A4F7556}") = "CleanArchCqrs.Domain", "Src\CleanArchCqrs.Domain\CleanArchCqrs.Domain.csproj", "{77E73C09-C6D4-4D81-9DF3-44A900818E27}"
EndProject
Project("{9A19103F-16F7-4668-BE54-9A1E7A4F7556}") = "CleanArchCqrs.Application", "Src\CleanArchCqrs.Application\CleanArchCqrs.Application.csproj", "{50154B5E-138F-41C9-ACA3-2D6292821F3B}"
EndProject
Project("{9A19103F-16F7-4668-BE54-9A1E7A4F7556}") = "CleanArchCqrs.Infra.Data", "Src\CleanArchCqrs.Infra.Data\CleanArchCqrs.Infra.Data.csproj", "{755EC31D-9C16-4F05-9C8B-7D4B4E0706E2}"
EndProject
Project("{9A19103F-16F7-4668-BE54-9A1E7A4F7556}") = "CleanArchCqrs.Infra.IoC", "Src\CleanArchCqrs.Infra.IoC\CleanArchCqrs.Infra.IoC.csproj", "{737AE741-A6D3-45C5-BD78-6D32AFAC1BA9}"
EndProject
Project("{9A19103F-16F7-4668-BE54-9A1E7A4F7556}") = "CleanArchCqrs.Api", "Src\CleanArchCqrs.Api\CleanArchCqrs.Api.csproj", "{40A29017-8FC9-45E7-8E15-6B2B6D960816}"
EndProject
Project("{9A19103F-16F7-4668-BE54-9A1E7A4F7556}") = "CleanArchCqrs.Infra.Sqs", "Src\CleanArchCqrs.Infra.Sqs\CleanArchCqrs.Infra.Sqs.csproj", "{7A57477F-B173-49E7-A323-10DD58F4589D}"
EndProject
Project("{9A19103F-16F7-4668-BE54-9A1E7A4F7556}") = "CleanArchCqrs.LambdaFunction", "Src\CleanArchCqrs.LambdaFunction\CleanArchCqrs.LambdaFunction.csproj", "{C412B18B-5003-4250-AFA4-C4E90EF38697}"
EndProject
Global
	GlobalSection(SolutionConfigurationPlatforms) = preSolution
		Debug|Any CPU = Debug|Any CPU
		Release|Any CPU = Release|Any CPU
	EndGlobalSection
	GlobalSection(ProjectConfigurationPlatforms) = postSolution
		{77E73C09-C6D4-4D81-9DF3-44A900818E27}.Debug|Any CPU.ActiveCfg = Debug|Any CPU
		{77E73C09-C6D4-4D81-9DF3-44A900818E27}.Debug|Any CPU.Build.0 = Debug|Any CPU
		{77E73C09-C6D4-4D81-9DF3-44A900818E27}.Release|Any CPU.ActiveCfg = Release|Any CPU
		{77E73C09-C6D4-4D81-9DF3-44A900818E27}.Release|Any CPU.Build.0 = Release|Any CPU
		{50154B5E-138F-41C9-ACA3-2D6292821F3B}.Debug|Any CPU.ActiveCfg = Debug|Any CPU
		{50154B5E-138F-41C9-ACA3-2D6292821F3B}.Debug|Any CPU.Build.0 = Debug|Any CPU
		{50154B5E-138F-41C9-ACA3-2D6292821F3B}.Release|Any CPU.ActiveCfg = Release|Any CPU
		{50154B5E-138F-41C9-ACA3-2D6292821F3B}.Release|Any CPU.Build.0 = Release|Any CPU
		{755EC31D-9C16-4F05-9C8B-7D4B4E0706E2}.Debug|Any CPU.ActiveCfg = Debug|Any CPU
		{755EC31D-9C16-4F05-9C8B-7D4B4E0706E2}.Debug|Any CPU.Build.0 = Debug|Any CPU
		{755EC31D-9C16-4F05-9C8B-7D4B4E0706E2}.Release|Any CPU.ActiveCfg = Release|Any CPU
		{755EC31D-9C16-4F05-9C8B-7D4B4E0706E2}.Release|Any CPU.Build.0 = Release|Any CPU
		{737AE741-A6D3-45C5-BD78-6D32AFAC1BA9}.Debug|Any CPU.ActiveCfg = Debug|Any CPU
		{737AE741-A6D3-45C5-BD78-6D32AFAC1BA9}.Debug|Any CPU.Build.0 = Debug|Any CPU
		{737AE741-A6D3-45C5-BD78-6D32AFAC1BA9}.Release|Any CPU.ActiveCfg = Release|Any CPU
		{737AE741-A6D3-45C5-BD78-6D32AFAC1BA9}.Release|Any CPU.Build.0 = Release|Any CPU
		{40A29017-8FC9-45E7-8E15-6B2B6D960816}.Debug|Any CPU.ActiveCfg = Debug|Any CPU
		{40A29017-8FC9-45E7-8E15-6B2B6D960816}.Debug|Any CPU.Build.0 = Debug|Any CPU
		{40A29017-8FC9-45E7-8E15-6B2B6D960816}.Release|Any CPU.ActiveCfg = Release|Any CPU
		{40A29017-8FC9-45E7-8E15-6B2B6D960816}.Release|Any CPU.Build.0 = Release|Any CPU
		{7A57477F-B173-49E7-A323-10DD58F4589D}.Debug|Any CPU.ActiveCfg = Debug|Any CPU
		{7A57477F-B173-49E7-A323-10DD58F4589D}.Debug|Any CPU.Build.0 = Debug|Any CPU
		{7A57477F-B173-49E7-A323-10DD58F4589D}.Release|Any CPU.ActiveCfg = Release|Any CPU
		{7A57477F-B173-49E7-A323-10DD58F4589D}.Release|Any CPU.Build.0 = Release|Any CPU
		{C412B18B-5003-4250-AFA4-C4E90EF38697}.Debug|Any CPU.ActiveCfg = Debug|Any CPU
		{C412B18B-5003-4250-AFA4-C4E90EF38697}.Debug|Any CPU.Build.0 = Debug|Any CPU
		{C412B18B-5003-4250-AFA4-C4E90EF38697}.Release|Any CPU.ActiveCfg = Release|Any CPU
		{C412B18B-5003-4250-AFA4-C4E90EF38697}.Release|Any CPU.Build.0 = Release|Any CPU
	EndGlobalSection
	GlobalSection(SolutionProperties) = preSolution
		HideSolutionNode = FALSE
	EndGlobalSection
	GlobalSection(ExtensibilityGlobals) = postSolution
		SolutionGuid = {2752F07F-6BD1-49D3-83F9-1181E5A64BC1}
	EndGlobalSection
EndGlobal
